data/align/concat.fasta
data/align/partitions.txt
data/align/RPB1.masked.fasta
data/align/RPB2.masked.fasta
data/align/TEF1.masked.fasta
data/align/RPB1.aln.fasta
data/qc/RPB1.cleaned.fasta
data/staging/RPB1.gb
data/align/RPB2.aln.fasta
data/qc/RPB2.cleaned.fasta
data/staging/RPB2.gb
data/align/TEF1.aln.fasta
data/qc/TEF1.cleaned.fasta
data/staging/TEF1.gb
