data/trees/backbone.rooted.pretty.newick
data/staging/taxon_map.tsv
data/packages/ITS/clusters.split.done
data/trees/backbone.pretty.newick
data/trees/backbone.treefile
data/staging/taxon_map.tsv
data/align/concat.fasta
data/align/partitions.txt
data/align/RPB1.masked.refined.fasta
data/align/RPB2.masked.refined.fasta
data/align/TEF1.masked.refined.fasta
data/align/RPB1.aln.refined.fasta
data/qc/RPB1.kept.fasta
data/qc/RPB1.merged.fasta
data/trees/loci/RPB1.treeshrink.keep.txt
data/qc/RPB1.cleaned.fasta
data/staging/RPB1.gb
data/trees/loci/RPB1.firstpass.treefile
data/align/RPB1.masked.fasta
data/align/RPB1.aln.fasta
data/qc/RPB1.merged.fasta
data/align/RPB2.aln.refined.fasta
data/qc/RPB2.kept.fasta
data/qc/RPB2.merged.fasta
data/trees/loci/RPB2.treeshrink.keep.txt
data/qc/RPB2.cleaned.fasta
data/staging/RPB2.gb
data/trees/loci/RPB2.firstpass.treefile
data/align/RPB2.masked.fasta
data/align/RPB2.aln.fasta
data/qc/RPB2.merged.fasta
data/align/TEF1.aln.refined.fasta
data/qc/TEF1.kept.fasta
data/qc/TEF1.merged.fasta
data/trees/loci/TEF1.treeshrink.keep.txt
data/qc/TEF1.cleaned.fasta
data/staging/TEF1.gb
data/trees/loci/TEF1.firstpass.treefile
data/align/TEF1.masked.fasta
data/align/TEF1.aln.fasta
data/qc/TEF1.merged.fasta
data/staging/RPB1.gb
data/staging/RPB2.gb
data/staging/TEF1.gb
data/staging/ITS.gb
data/qc/RPB1.merged.fasta
data/qc/RPB2.merged.fasta
data/qc/TEF1.merged.fasta
data/qc/ITS.cleaned.fasta
data/packages/ITS/clusters.tsv
data/staging/ITS.gb
data/trees/ITS.quick.tree
data/align/ITS.all.aln.fasta
data/qc/ITS.cleaned.fasta
data/trees/backbone.rooted.pretty.newick
workflow/scripts/build_site.py
